{
  "version": "3",
  "packages": {
    "specifiers": {
      "npm:@pdf-lib/standard-fonts@^1.0.0": "npm:@pdf-lib/standard-fonts@1.0.0",
      "npm:@pdf-lib/upng@^1.0.1": "npm:@pdf-lib/upng@1.0.1",
      "npm:pako@^1.0.11": "npm:pako@1.0.11",
      "npm:pako@^2.1.0": "npm:pako@2.1.0",
      "npm:tslib@^2.7.0": "npm:tslib@2.7.0"
    },
    "npm": {
      "@pdf-lib/standard-fonts@1.0.0": {
        "integrity": "sha512-hU30BK9IUN/su0Mn9VdlVKsWBS6GyhVfqjwl1FjZN4TxP6cCw0jP2w7V3Hf5uX7M0AZJ16vey9yE0ny7Sa59ZA==",
        "dependencies": {
          "pako": "pako@1.0.11"
        }
      },
      "@pdf-lib/upng@1.0.1": {
        "integrity": "sha512-dQK2FUMQtowVP00mtIksrlZhdFXQZPC+taih1q4CvPZ5vqdxR/LKBaFg0oAfzd1GlHZXXSPdQfzQnt+ViGvEIQ==",
        "dependencies": {
          "pako": "pako@1.0.11"
        }
      },
      "pako@1.0.11": {
        "integrity": "sha512-4hLB8Py4zZce5s4yd9XzopqwVv/yGNhV1Bl8NTmCq1763HeK2+EwVTv+leGeL13Dnh2wfbqowVPXCIO0z4taYw==",
        "dependencies": {}
      },
      "pako@2.1.0": {
        "integrity": "sha512-w+eufiZ1WuJYgPXbV/PO3NCMEc3xqylkKHzp8bxp1uW4qaSNQUkwmLLEc3kKsfz8lpV1F8Ht3U1Cm+9Srog2ug==",
        "dependencies": {}
      },
      "tslib@2.7.0": {
        "integrity": "sha512-gLXCKdN1/j47AiHiOkJN69hJmcbGTHI0ImLmbYLHykhgeN0jVGola9yVjFgzCUklsZQMW55o+dW7IXv3RCXDzA==",
        "dependencies": {}
      }
    }
  },
  "remote": {},
  "workspace": {
    "dependencies": [
      "npm:@pdf-lib/standard-fonts@^1.0.0",
      "npm:@pdf-lib/upng@^1.0.1",
      "npm:pako@^2.1.0",
      "npm:tslib@^2.7.0"
    ]
  }
}
